
Microsoft Visual Studio Solution File, Format Version 12.00
# Visual Studio 15
VisualStudioVersion = 15.0.26730.15
MinimumVisualStudioVersion = 10.0.40219.1
Project("{FAE04EC0-301F-11D3-BF4B-00C04F79EFBC}") = "MagicEightBallServiceLib", "MagicEightBallServiceLib\MagicEightBallServiceLib.csproj", "{77FFDE69-2875-405E-B353-3642EE83ACB2}"
EndProject
Project("{FAE04EC0-301F-11D3-BF4B-00C04F79EFBC}") = "MagicEightBallServiceHost", "..\MagicEightBallServiceHost\MagicEightBallServiceHost.csproj", "{33AF1F36-5DC8-44F8-9B6A-1793DFF27873}"
EndProject
Project("{FAE04EC0-301F-11D3-BF4B-00C04F79EFBC}") = "MagicEightBallServiceClient", "..\MagicEightBallServiceClient\MagicEightBallServiceClient.csproj", "{6BB140EE-F4F9-4C03-9C73-04DEA5C30EDE}"
EndProject
Global
	GlobalSection(SolutionConfigurationPlatforms) = preSolution
		Debug|Any CPU = Debug|Any CPU
		Release|Any CPU = Release|Any CPU
	EndGlobalSection
	GlobalSection(ProjectConfigurationPlatforms) = postSolution
		{77FFDE69-2875-405E-B353-3642EE83ACB2}.Debug|Any CPU.ActiveCfg = Debug|Any CPU
		{77FFDE69-2875-405E-B353-3642EE83ACB2}.Debug|Any CPU.Build.0 = Debug|Any CPU
		{77FFDE69-2875-405E-B353-3642EE83ACB2}.Release|Any CPU.ActiveCfg = Release|Any CPU
		{77FFDE69-2875-405E-B353-3642EE83ACB2}.Release|Any CPU.Build.0 = Release|Any CPU
		{33AF1F36-5DC8-44F8-9B6A-1793DFF27873}.Debug|Any CPU.ActiveCfg = Debug|Any CPU
		{33AF1F36-5DC8-44F8-9B6A-1793DFF27873}.Debug|Any CPU.Build.0 = Debug|Any CPU
		{33AF1F36-5DC8-44F8-9B6A-1793DFF27873}.Release|Any CPU.ActiveCfg = Release|Any CPU
		{33AF1F36-5DC8-44F8-9B6A-1793DFF27873}.Release|Any CPU.Build.0 = Release|Any CPU
		{6BB140EE-F4F9-4C03-9C73-04DEA5C30EDE}.Debug|Any CPU.ActiveCfg = Debug|Any CPU
		{6BB140EE-F4F9-4C03-9C73-04DEA5C30EDE}.Debug|Any CPU.Build.0 = Debug|Any CPU
		{6BB140EE-F4F9-4C03-9C73-04DEA5C30EDE}.Release|Any CPU.ActiveCfg = Release|Any CPU
		{6BB140EE-F4F9-4C03-9C73-04DEA5C30EDE}.Release|Any CPU.Build.0 = Release|Any CPU
	EndGlobalSection
	GlobalSection(SolutionProperties) = preSolution
		HideSolutionNode = FALSE
	EndGlobalSection
	GlobalSection(ExtensibilityGlobals) = postSolution
		SolutionGuid = {89A1AEF1-4C31-4BDF-852E-5ABE43D8F07F}
	EndGlobalSection
EndGlobal
