
Microsoft Visual Studio Solution File, Format Version 12.00
# Visual Studio 15
VisualStudioVersion = 15.0.26730.15
MinimumVisualStudioVersion = 10.0.40219.1
Project("{FAE04EC0-301F-11D3-BF4B-00C04F79EFBC}") = "CIL", "CIL\CIL.csproj", "{73D64DEC-E715-47ED-9CBA-3C1E505D36DC}"
EndProject
Global
	GlobalSection(SolutionConfigurationPlatforms) = preSolution
		Debug|Any CPU = Debug|Any CPU
		Release|Any CPU = Release|Any CPU
	EndGlobalSection
	GlobalSection(ProjectConfigurationPlatforms) = postSolution
		{73D64DEC-E715-47ED-9CBA-3C1E505D36DC}.Debug|Any CPU.ActiveCfg = Debug|Any CPU
		{73D64DEC-E715-47ED-9CBA-3C1E505D36DC}.Debug|Any CPU.Build.0 = Debug|Any CPU
		{73D64DEC-E715-47ED-9CBA-3C1E505D36DC}.Release|Any CPU.ActiveCfg = Release|Any CPU
		{73D64DEC-E715-47ED-9CBA-3C1E505D36DC}.Release|Any CPU.Build.0 = Release|Any CPU
	EndGlobalSection
	GlobalSection(SolutionProperties) = preSolution
		HideSolutionNode = FALSE
	EndGlobalSection
	GlobalSection(ExtensibilityGlobals) = postSolution
		SolutionGuid = {84008AF8-EC38-4FE8-B2D9-F867D8BCF302}
	EndGlobalSection
EndGlobal
